Microsoft Visual Studio Solution File, Format Version 12.00
# Visual Studio Version 17
VisualStudioVersion = 17.5.2.0
MinimumVisualStudioVersion = 10.0.40219.1
Project("{FAE04EC0-301F-11D3-BF4B-00C04F79EFBC}") = "SurveyDashboard", "SurveyDashboard.csproj", "{549D8FC8-6750-E641-0C93-EA0CF9D10565}"
EndProject
Global
	GlobalSection(SolutionConfigurationPlatforms) = preSolution
		Debug|Any CPU = Debug|Any CPU
		Release|Any CPU = Release|Any CPU
	EndGlobalSection
	GlobalSection(ProjectConfigurationPlatforms) = postSolution
		{549D8FC8-6750-E641-0C93-EA0CF9D10565}.Debug|Any CPU.ActiveCfg = Debug|Any CPU
		{549D8FC8-6750-E641-0C93-EA0CF9D10565}.Debug|Any CPU.Build.0 = Debug|Any CPU
		{549D8FC8-6750-E641-0C93-EA0CF9D10565}.Release|Any CPU.ActiveCfg = Release|Any CPU
		{549D8FC8-6750-E641-0C93-EA0CF9D10565}.Release|Any CPU.Build.0 = Release|Any CPU
	EndGlobalSection
	GlobalSection(SolutionProperties) = preSolution
		HideSolutionNode = FALSE
	EndGlobalSection
	GlobalSection(ExtensibilityGlobals) = postSolution
		SolutionGuid = {EE621C0F-EE4B-4914-9222-E91FE8DD0341}
	EndGlobalSection
EndGlobal
